
Microsoft Visual Studio Solution File, Format Version 12.00
# Visual Studio 14
VisualStudioVersion = 14.0.24720.0
MinimumVisualStudioVersion = 10.0.40219.1
Project("{FAE04EC0-301F-11D3-BF4B-00C04F79EFBC}") = "TableDataAnalyzer", "TableDataAnalyzer\TableDataAnalyzer.csproj", "{08D4990B-B7CB-4711-A08F-869CD8EAF651}"
EndProject
Global
	GlobalSection(SolutionConfigurationPlatforms) = preSolution
		Debug|Any CPU = Debug|Any CPU
		Release|Any CPU = Release|Any CPU
	EndGlobalSection
	GlobalSection(ProjectConfigurationPlatforms) = postSolution
		{08D4990B-B7CB-4711-A08F-869CD8EAF651}.Debug|Any CPU.ActiveCfg = Debug|Any CPU
		{08D4990B-B7CB-4711-A08F-869CD8EAF651}.Debug|Any CPU.Build.0 = Debug|Any CPU
		{08D4990B-B7CB-4711-A08F-869CD8EAF651}.Release|Any CPU.ActiveCfg = Release|Any CPU
		{08D4990B-B7CB-4711-A08F-869CD8EAF651}.Release|Any CPU.Build.0 = Release|Any CPU
	EndGlobalSection
	GlobalSection(SolutionProperties) = preSolution
		HideSolutionNode = FALSE
	EndGlobalSection
EndGlobal
